k8s.io/api v0.33.1 h1:tA6Cf3bHnLIrUK4IqEgb2v++/GYUtqiu9sRVk3iBXyw=
k8s.io/api v0.33.1/go.mod h1:87esjTn9DRSRTD4fWMXamiXxJhpOIREjWOSjsW1kEHw=
k8s.io/apimachinery v0.33.1 h1:mzqXWV8tW9Rw4VeW9rEkqvnxj59k1ezDUl20tFK/oM4=
k8s.io/apimachinery v0.33.1/go.mod h1:BHW0YOu7n22fFv/JkYOEfkUYNRN0fj0BlvMFWA7b+SM=
k8s.io/client-go v0.33.1 h1:ZZV/Ks2g92cyxWkRRnfUDsnhNn28eFpt26aGc8KbXF4=
k8s.io/client-go v0.33.1/go.mod h1:JAsUrl1ArO7uRVFWfcj6kOomSlCv+JpvIsp6usAGefA=
